
Microsoft Visual Studio Solution File, Format Version 12.00
# Visual Studio Version 17
VisualStudioVersion = 17.13.35931.197 d17.13
MinimumVisualStudioVersion = 10.0.40219.1
Project("{FAE04EC0-301F-11D3-BF4B-00C04F79EFBC}") = "P2_D2_Algoritmos_GarciaE", "P2_D2_Algoritmos_GarciaE\P2_D2_Algoritmos_GarciaE.csproj", "{3F69AB1D-F3A8-487D-810F-CE8786255BFE}"
EndProject
Global
	GlobalSection(SolutionConfigurationPlatforms) = preSolution
		Debug|Any CPU = Debug|Any CPU
		Release|Any CPU = Release|Any CPU
	EndGlobalSection
	GlobalSection(ProjectConfigurationPlatforms) = postSolution
		{3F69AB1D-F3A8-487D-810F-CE8786255BFE}.Debug|Any CPU.ActiveCfg = Debug|Any CPU
		{3F69AB1D-F3A8-487D-810F-CE8786255BFE}.Debug|Any CPU.Build.0 = Debug|Any CPU
		{3F69AB1D-F3A8-487D-810F-CE8786255BFE}.Release|Any CPU.ActiveCfg = Release|Any CPU
		{3F69AB1D-F3A8-487D-810F-CE8786255BFE}.Release|Any CPU.Build.0 = Release|Any CPU
	EndGlobalSection
	GlobalSection(SolutionProperties) = preSolution
		HideSolutionNode = FALSE
	EndGlobalSection
	GlobalSection(ExtensibilityGlobals) = postSolution
		SolutionGuid = {FAA14D5C-0E69-450D-AFCE-F09F2D7EB604}
	EndGlobalSection
EndGlobal
