
Microsoft Visual Studio Solution File, Format Version 12.00
# Visual Studio Version 17
VisualStudioVersion = 17.13.35931.197 d17.13
MinimumVisualStudioVersion = 10.0.40219.1
Project("{FAE04EC0-301F-11D3-BF4B-00C04F79EFBC}") = "P1_PC1_Garcia_Eduardo_V2", "P1_PC1_Garcia_Eduardo_V2\P1_PC1_Garcia_Eduardo_V2.csproj", "{5AC3539F-C38B-437C-8918-76D6C0C04ADF}"
EndProject
Global
	GlobalSection(SolutionConfigurationPlatforms) = preSolution
		Debug|Any CPU = Debug|Any CPU
		Release|Any CPU = Release|Any CPU
	EndGlobalSection
	GlobalSection(ProjectConfigurationPlatforms) = postSolution
		{5AC3539F-C38B-437C-8918-76D6C0C04ADF}.Debug|Any CPU.ActiveCfg = Debug|Any CPU
		{5AC3539F-C38B-437C-8918-76D6C0C04ADF}.Debug|Any CPU.Build.0 = Debug|Any CPU
		{5AC3539F-C38B-437C-8918-76D6C0C04ADF}.Release|Any CPU.ActiveCfg = Release|Any CPU
		{5AC3539F-C38B-437C-8918-76D6C0C04ADF}.Release|Any CPU.Build.0 = Release|Any CPU
	EndGlobalSection
	GlobalSection(SolutionProperties) = preSolution
		HideSolutionNode = FALSE
	EndGlobalSection
	GlobalSection(ExtensibilityGlobals) = postSolution
		SolutionGuid = {E01233A9-C0CC-415F-BE4B-E2DED84189F3}
	EndGlobalSection
EndGlobal
