
Microsoft Visual Studio Solution File, Format Version 12.00
# Visual Studio Version 17
VisualStudioVersion = 17.13.35931.197 d17.13
MinimumVisualStudioVersion = 10.0.40219.1
Project("{FAE04EC0-301F-11D3-BF4B-00C04F79EFBC}") = "EjerciciosEnClase", "EjerciciosEnClase\EjerciciosEnClase.csproj", "{9A3444C2-DCD9-4FA3-9676-3C0387BCAF67}"
EndProject
Global
	GlobalSection(SolutionConfigurationPlatforms) = preSolution
		Debug|Any CPU = Debug|Any CPU
		Release|Any CPU = Release|Any CPU
	EndGlobalSection
	GlobalSection(ProjectConfigurationPlatforms) = postSolution
		{9A3444C2-DCD9-4FA3-9676-3C0387BCAF67}.Debug|Any CPU.ActiveCfg = Debug|Any CPU
		{9A3444C2-DCD9-4FA3-9676-3C0387BCAF67}.Debug|Any CPU.Build.0 = Debug|Any CPU
		{9A3444C2-DCD9-4FA3-9676-3C0387BCAF67}.Release|Any CPU.ActiveCfg = Release|Any CPU
		{9A3444C2-DCD9-4FA3-9676-3C0387BCAF67}.Release|Any CPU.Build.0 = Release|Any CPU
	EndGlobalSection
	GlobalSection(SolutionProperties) = preSolution
		HideSolutionNode = FALSE
	EndGlobalSection
	GlobalSection(ExtensibilityGlobals) = postSolution
		SolutionGuid = {714BCD7E-F9E1-45BF-87A2-BA402F9436B0}
	EndGlobalSection
EndGlobal
